// !$*UTF8*$!
{
	archiveVersion = 1;
	classes = {
	};
	objectVersion = 56;
	objects = {

/* Begin PBXBuildFile section */
		0374BB4C2CB0AFC5009B4330 /* MovieViewModelTests.swift in Sources */ = {isa = PBXBuildFile; fileRef = 0374BB4B2CB0AFC5009B4330 /* MovieViewModelTests.swift */; };
		0374BB4E2CB0B1DF009B4330 /* MoviesRouterMock.swift in Sources */ = {isa = PBXBuildFile; fileRef = 0374BB4D2CB0B1DF009B4330 /* MoviesRouterMock.swift */; };
		03E370AC2C9A2F9800A7D4C7 /* MoviesViewModel.swift in Sources */ = {isa = PBXBuildFile; fileRef = 03E370AB2C9A2F9800A7D4C7 /* MoviesViewModel.swift */; };
		185D5BBD68F24CB5D3DE9053 /* Pods_MovieDB.framework in Frameworks */ = {isa = PBXBuildFile; fileRef = 5C5A34A98EA7D2CF8E54C254 /* Pods_MovieDB.framework */; };
		711757A22CB351BA0077371B /* MoviesUseCaseMock.swift in Sources */ = {isa = PBXBuildFile; fileRef = 711757A12CB351BA0077371B /* MoviesUseCaseMock.swift */; };
		7193A8B52C865AAE00DEE730 /* AppDelegate.swift in Sources */ = {isa = PBXBuildFile; fileRef = 7193A8B42C865AAE00DEE730 /* AppDelegate.swift */; };
		7193A8B72C865AAE00DEE730 /* SceneDelegate.swift in Sources */ = {isa = PBXBuildFile; fileRef = 7193A8B62C865AAE00DEE730 /* SceneDelegate.swift */; };
		7193A8B92C865AAE00DEE730 /* ViewController.swift in Sources */ = {isa = PBXBuildFile; fileRef = 7193A8B82C865AAE00DEE730 /* ViewController.swift */; };
		7193A8BC2C865AAE00DEE730 /* Base in Resources */ = {isa = PBXBuildFile; fileRef = 7193A8BB2C865AAE00DEE730 /* Base */; };
		7193A8BE2C865AB000DEE730 /* Assets.xcassets in Resources */ = {isa = PBXBuildFile; fileRef = 7193A8BD2C865AB000DEE730 /* Assets.xcassets */; };
		7193A8C12C865AB000DEE730 /* Base in Resources */ = {isa = PBXBuildFile; fileRef = 7193A8C02C865AB000DEE730 /* Base */; };
		7193A8CA2C865AE100DEE730 /* ScreenOneVC.xib in Resources */ = {isa = PBXBuildFile; fileRef = 7193A8C92C865AE100DEE730 /* ScreenOneVC.xib */; };
		7193A8CB2C865AE100DEE730 /* ScreenOneVC.swift in Sources */ = {isa = PBXBuildFile; fileRef = 7193A8C82C865AE100DEE730 /* ScreenOneVC.swift */; };
		7193A8CE2C865B4100DEE730 /* MyCustomTableViewCell.xib in Resources */ = {isa = PBXBuildFile; fileRef = 7193A8CD2C865B4100DEE730 /* MyCustomTableViewCell.xib */; };
		7193A8CF2C865B4100DEE730 /* MyCustomTableViewCell.swift in Sources */ = {isa = PBXBuildFile; fileRef = 7193A8CC2C865B4100DEE730 /* MyCustomTableViewCell.swift */; };
		7193A8D32C8909E800DEE730 /* Constants.swift in Sources */ = {isa = PBXBuildFile; fileRef = 7193A8D22C8909E800DEE730 /* Constants.swift */; };
		7193A8D52C890A0D00DEE730 /* ApiCaller.swift in Sources */ = {isa = PBXBuildFile; fileRef = 7193A8D42C890A0D00DEE730 /* ApiCaller.swift */; };
		7193A8D72C890B5400DEE730 /* MovieService.swift in Sources */ = {isa = PBXBuildFile; fileRef = 7193A8D62C890B5400DEE730 /* MovieService.swift */; };
		7193A8DA2C922B4500DEE730 /* ScreenTwoVC.swift in Sources */ = {isa = PBXBuildFile; fileRef = 7193A8D82C922B4500DEE730 /* ScreenTwoVC.swift */; };
		7193A8DB2C922B4500DEE730 /* ScreenTwoVC.xib in Resources */ = {isa = PBXBuildFile; fileRef = 7193A8D92C922B4500DEE730 /* ScreenTwoVC.xib */; };
		7193A90D2CA377DB00DEE730 /* MoviesRouter.swift in Sources */ = {isa = PBXBuildFile; fileRef = 7193A90C2CA377DA00DEE730 /* MoviesRouter.swift */; };
		7193A90F2CA3E07200DEE730 /* MoviesUseCase.swift in Sources */ = {isa = PBXBuildFile; fileRef = 7193A90E2CA3E07100DEE730 /* MoviesUseCase.swift */; };
/* End PBXBuildFile section */

/* Begin PBXContainerItemProxy section */
		0374BB452CB0AF50009B4330 /* PBXContainerItemProxy */ = {
			isa = PBXContainerItemProxy;
			containerPortal = 7193A8A92C865AAE00DEE730 /* Project object */;
			proxyType = 1;
			remoteGlobalIDString = 7193A8B02C865AAE00DEE730;
			remoteInfo = MovieDB;
		};
/* End PBXContainerItemProxy section */

/* Begin PBXFileReference section */
		0374BB412CB0AF50009B4330 /* MovieDBTests.xctest */ = {isa = PBXFileReference; explicitFileType = wrapper.cfbundle; includeInIndex = 0; path = MovieDBTests.xctest; sourceTree = BUILT_PRODUCTS_DIR; };
		0374BB4A2CB0AFC4009B4330 /* MovieDBTests-Bridging-Header.h */ = {isa = PBXFileReference; lastKnownFileType = sourcecode.c.h; path = "MovieDBTests-Bridging-Header.h"; sourceTree = "<group>"; };
		0374BB4B2CB0AFC5009B4330 /* MovieViewModelTests.swift */ = {isa = PBXFileReference; lastKnownFileType = sourcecode.swift; path = MovieViewModelTests.swift; sourceTree = "<group>"; };
		0374BB4D2CB0B1DF009B4330 /* MoviesRouterMock.swift */ = {isa = PBXFileReference; lastKnownFileType = sourcecode.swift; path = MoviesRouterMock.swift; sourceTree = "<group>"; };
		03E370AB2C9A2F9800A7D4C7 /* MoviesViewModel.swift */ = {isa = PBXFileReference; lastKnownFileType = sourcecode.swift; path = MoviesViewModel.swift; sourceTree = "<group>"; };
		180B537443B423285FE732F2 /* Pods-MovieDB.debug.xcconfig */ = {isa = PBXFileReference; includeInIndex = 1; lastKnownFileType = text.xcconfig; name = "Pods-MovieDB.debug.xcconfig"; path = "Target Support Files/Pods-MovieDB/Pods-MovieDB.debug.xcconfig"; sourceTree = "<group>"; };
		5C5A34A98EA7D2CF8E54C254 /* Pods_MovieDB.framework */ = {isa = PBXFileReference; explicitFileType = wrapper.framework; includeInIndex = 0; path = Pods_MovieDB.framework; sourceTree = BUILT_PRODUCTS_DIR; };
		711757A12CB351BA0077371B /* MoviesUseCaseMock.swift */ = {isa = PBXFileReference; lastKnownFileType = sourcecode.swift; path = MoviesUseCaseMock.swift; sourceTree = "<group>"; };
		7193A8B12C865AAE00DEE730 /* MovieDB.app */ = {isa = PBXFileReference; explicitFileType = wrapper.application; includeInIndex = 0; path = MovieDB.app; sourceTree = BUILT_PRODUCTS_DIR; };
		7193A8B42C865AAE00DEE730 /* AppDelegate.swift */ = {isa = PBXFileReference; lastKnownFileType = sourcecode.swift; path = AppDelegate.swift; sourceTree = "<group>"; };
		7193A8B62C865AAE00DEE730 /* SceneDelegate.swift */ = {isa = PBXFileReference; lastKnownFileType = sourcecode.swift; path = SceneDelegate.swift; sourceTree = "<group>"; };
		7193A8B82C865AAE00DEE730 /* ViewController.swift */ = {isa = PBXFileReference; lastKnownFileType = sourcecode.swift; path = ViewController.swift; sourceTree = "<group>"; };
		7193A8BB2C865AAE00DEE730 /* Base */ = {isa = PBXFileReference; lastKnownFileType = file.storyboard; name = Base; path = Base.lproj/Main.storyboard; sourceTree = "<group>"; };
		7193A8BD2C865AB000DEE730 /* Assets.xcassets */ = {isa = PBXFileReference; lastKnownFileType = folder.assetcatalog; path = Assets.xcassets; sourceTree = "<group>"; };
		7193A8C02C865AB000DEE730 /* Base */ = {isa = PBXFileReference; lastKnownFileType = file.storyboard; name = Base; path = Base.lproj/LaunchScreen.storyboard; sourceTree = "<group>"; };
		7193A8C22C865AB000DEE730 /* Info.plist */ = {isa = PBXFileReference; lastKnownFileType = text.plist.xml; path = Info.plist; sourceTree = "<group>"; };
		7193A8C82C865AE100DEE730 /* ScreenOneVC.swift */ = {isa = PBXFileReference; lastKnownFileType = sourcecode.swift; path = ScreenOneVC.swift; sourceTree = "<group>"; };
		7193A8C92C865AE100DEE730 /* ScreenOneVC.xib */ = {isa = PBXFileReference; lastKnownFileType = file.xib; path = ScreenOneVC.xib; sourceTree = "<group>"; };
		7193A8CC2C865B4100DEE730 /* MyCustomTableViewCell.swift */ = {isa = PBXFileReference; lastKnownFileType = sourcecode.swift; path = MyCustomTableViewCell.swift; sourceTree = "<group>"; };
		7193A8CD2C865B4100DEE730 /* MyCustomTableViewCell.xib */ = {isa = PBXFileReference; lastKnownFileType = file.xib; path = MyCustomTableViewCell.xib; sourceTree = "<group>"; };
		7193A8D22C8909E800DEE730 /* Constants.swift */ = {isa = PBXFileReference; lastKnownFileType = sourcecode.swift; path = Constants.swift; sourceTree = "<group>"; };
		7193A8D42C890A0D00DEE730 /* ApiCaller.swift */ = {isa = PBXFileReference; lastKnownFileType = sourcecode.swift; path = ApiCaller.swift; sourceTree = "<group>"; };
		7193A8D62C890B5400DEE730 /* MovieService.swift */ = {isa = PBXFileReference; lastKnownFileType = sourcecode.swift; path = MovieService.swift; sourceTree = "<group>"; };
		7193A8D82C922B4500DEE730 /* ScreenTwoVC.swift */ = {isa = PBXFileReference; lastKnownFileType = sourcecode.swift; path = ScreenTwoVC.swift; sourceTree = "<group>"; };
		7193A8D92C922B4500DEE730 /* ScreenTwoVC.xib */ = {isa = PBXFileReference; lastKnownFileType = file.xib; path = ScreenTwoVC.xib; sourceTree = "<group>"; };
		7193A90C2CA377DA00DEE730 /* MoviesRouter.swift */ = {isa = PBXFileReference; lastKnownFileType = sourcecode.swift; path = MoviesRouter.swift; sourceTree = "<group>"; };
		7193A90E2CA3E07100DEE730 /* MoviesUseCase.swift */ = {isa = PBXFileReference; lastKnownFileType = sourcecode.swift; path = MoviesUseCase.swift; sourceTree = "<group>"; };
		DFB3F2ADF52276653EFED214 /* Pods-MovieDB.release.xcconfig */ = {isa = PBXFileReference; includeInIndex = 1; lastKnownFileType = text.xcconfig; name = "Pods-MovieDB.release.xcconfig"; path = "Target Support Files/Pods-MovieDB/Pods-MovieDB.release.xcconfig"; sourceTree = "<group>"; };
/* End PBXFileReference section */

/* Begin PBXFrameworksBuildPhase section */
		0374BB3E2CB0AF50009B4330 /* Frameworks */ = {
			isa = PBXFrameworksBuildPhase;
			buildActionMask = 2147483647;
			files = (
			);
			runOnlyForDeploymentPostprocessing = 0;
		};
		7193A8AE2C865AAE00DEE730 /* Frameworks */ = {
			isa = PBXFrameworksBuildPhase;
			buildActionMask = 2147483647;
			files = (
				185D5BBD68F24CB5D3DE9053 /* Pods_MovieDB.framework in Frameworks */,
			);
			runOnlyForDeploymentPostprocessing = 0;
		};
/* End PBXFrameworksBuildPhase section */

/* Begin PBXGroup section */
		0374BB422CB0AF50009B4330 /* MovieDBTests */ = {
			isa = PBXGroup;
			children = (
				0374BB4A2CB0AFC4009B4330 /* MovieDBTests-Bridging-Header.h */,
				0374BB4B2CB0AFC5009B4330 /* MovieViewModelTests.swift */,
				0374BB4D2CB0B1DF009B4330 /* MoviesRouterMock.swift */,
				711757A12CB351BA0077371B /* MoviesUseCaseMock.swift */,
			);
			path = MovieDBTests;
			sourceTree = "<group>";
		};
		53955DF46162683D0E081054 /* Frameworks */ = {
			isa = PBXGroup;
			children = (
				5C5A34A98EA7D2CF8E54C254 /* Pods_MovieDB.framework */,
			);
			name = Frameworks;
			sourceTree = "<group>";
		};
		7193A8A82C865AAE00DEE730 = {
			isa = PBXGroup;
			children = (
				7193A8B32C865AAE00DEE730 /* MovieDB */,
				0374BB422CB0AF50009B4330 /* MovieDBTests */,
				7193A8B22C865AAE00DEE730 /* Products */,
				EBA4FA2B4E84BD89AD20986A /* Pods */,
				53955DF46162683D0E081054 /* Frameworks */,
			);
			sourceTree = "<group>";
		};
		7193A8B22C865AAE00DEE730 /* Products */ = {
			isa = PBXGroup;
			children = (
				7193A8B12C865AAE00DEE730 /* MovieDB.app */,
				0374BB412CB0AF50009B4330 /* MovieDBTests.xctest */,
			);
			name = Products;
			sourceTree = "<group>";
		};
		7193A8B32C865AAE00DEE730 /* MovieDB */ = {
			isa = PBXGroup;
			children = (
				7193A8B42C865AAE00DEE730 /* AppDelegate.swift */,
				7193A8B62C865AAE00DEE730 /* SceneDelegate.swift */,
				7193A8B82C865AAE00DEE730 /* ViewController.swift */,
				7193A8BA2C865AAE00DEE730 /* Main.storyboard */,
				7193A8BD2C865AB000DEE730 /* Assets.xcassets */,
				7193A8BF2C865AB000DEE730 /* LaunchScreen.storyboard */,
				7193A8C22C865AB000DEE730 /* Info.plist */,
				7193A90B2CA3343300DEE730 /* Controllers */,
				7193A90A2CA3340300DEE730 /* xibs */,
				03E370AB2C9A2F9800A7D4C7 /* MoviesViewModel.swift */,
				7193A8D22C8909E800DEE730 /* Constants.swift */,
				7193A8D42C890A0D00DEE730 /* ApiCaller.swift */,
				7193A8D62C890B5400DEE730 /* MovieService.swift */,
				7193A90C2CA377DA00DEE730 /* MoviesRouter.swift */,
				7193A90E2CA3E07100DEE730 /* MoviesUseCase.swift */,
			);
			path = MovieDB;
			sourceTree = "<group>";
		};
		7193A90A2CA3340300DEE730 /* xibs */ = {
			isa = PBXGroup;
			children = (
				7193A8CD2C865B4100DEE730 /* MyCustomTableViewCell.xib */,
				7193A8C92C865AE100DEE730 /* ScreenOneVC.xib */,
				7193A8D92C922B4500DEE730 /* ScreenTwoVC.xib */,
			);
			path = xibs;
			sourceTree = "<group>";
		};
		7193A90B2CA3343300DEE730 /* Controllers */ = {
			isa = PBXGroup;
			children = (
				7193A8C82C865AE100DEE730 /* ScreenOneVC.swift */,
				7193A8CC2C865B4100DEE730 /* MyCustomTableViewCell.swift */,
				7193A8D82C922B4500DEE730 /* ScreenTwoVC.swift */,
			);
			path = Controllers;
			sourceTree = "<group>";
		};
		EBA4FA2B4E84BD89AD20986A /* Pods */ = {
			isa = PBXGroup;
			children = (
				180B537443B423285FE732F2 /* Pods-MovieDB.debug.xcconfig */,
				DFB3F2ADF52276653EFED214 /* Pods-MovieDB.release.xcconfig */,
			);
			path = Pods;
			sourceTree = "<group>";
		};
/* End PBXGroup section */

/* Begin PBXNativeTarget section */
		0374BB402CB0AF50009B4330 /* MovieDBTests */ = {
			isa = PBXNativeTarget;
			buildConfigurationList = 0374BB472CB0AF50009B4330 /* Build configuration list for PBXNativeTarget "MovieDBTests" */;
			buildPhases = (
				0374BB3D2CB0AF50009B4330 /* Sources */,
				0374BB3E2CB0AF50009B4330 /* Frameworks */,
				0374BB3F2CB0AF50009B4330 /* Resources */,
			);
			buildRules = (
			);
			dependencies = (
				0374BB462CB0AF50009B4330 /* PBXTargetDependency */,
			);
			name = MovieDBTests;
			productName = MovieDBTests;
			productReference = 0374BB412CB0AF50009B4330 /* MovieDBTests.xctest */;
			productType = "com.apple.product-type.bundle.unit-test";
		};
		7193A8B02C865AAE00DEE730 /* MovieDB */ = {
			isa = PBXNativeTarget;
			buildConfigurationList = 7193A8C52C865AB000DEE730 /* Build configuration list for PBXNativeTarget "MovieDB" */;
			buildPhases = (
				E94AB8DE6F82DA28F7F78277 /* [CP] Check Pods Manifest.lock */,
				7193A8AD2C865AAE00DEE730 /* Sources */,
				7193A8AE2C865AAE00DEE730 /* Frameworks */,
				7193A8AF2C865AAE00DEE730 /* Resources */,
				F62E381B7381DF4A78C7AC4C /* [CP] Embed Pods Frameworks */,
			);
			buildRules = (
			);
			dependencies = (
			);
			name = MovieDB;
			productName = MovieDB;
			productReference = 7193A8B12C865AAE00DEE730 /* MovieDB.app */;
			productType = "com.apple.product-type.application";
		};
/* End PBXNativeTarget section */

/* Begin PBXProject section */
		7193A8A92C865AAE00DEE730 /* Project object */ = {
			isa = PBXProject;
			attributes = {
				BuildIndependentTargetsInParallel = 1;
				LastSwiftUpdateCheck = 1500;
				LastUpgradeCheck = 1540;
				TargetAttributes = {
					0374BB402CB0AF50009B4330 = {
						CreatedOnToolsVersion = 15.0.1;
						LastSwiftMigration = 1500;
						TestTargetID = 7193A8B02C865AAE00DEE730;
					};
					7193A8B02C865AAE00DEE730 = {
						CreatedOnToolsVersion = 15.4;
					};
				};
			};
			buildConfigurationList = 7193A8AC2C865AAE00DEE730 /* Build configuration list for PBXProject "MovieDB" */;
			compatibilityVersion = "Xcode 14.0";
			developmentRegion = en;
			hasScannedForEncodings = 0;
			knownRegions = (
				en,
				Base,
			);
			mainGroup = 7193A8A82C865AAE00DEE730;
			productRefGroup = 7193A8B22C865AAE00DEE730 /* Products */;
			projectDirPath = "";
			projectRoot = "";
			targets = (
				7193A8B02C865AAE00DEE730 /* MovieDB */,
				0374BB402CB0AF50009B4330 /* MovieDBTests */,
			);
		};
/* End PBXProject section */

/* Begin PBXResourcesBuildPhase section */
		0374BB3F2CB0AF50009B4330 /* Resources */ = {
			isa = PBXResourcesBuildPhase;
			buildActionMask = 2147483647;
			files = (
			);
			runOnlyForDeploymentPostprocessing = 0;
		};
		7193A8AF2C865AAE00DEE730 /* Resources */ = {
			isa = PBXResourcesBuildPhase;
			buildActionMask = 2147483647;
			files = (
				7193A8BE2C865AB000DEE730 /* Assets.xcassets in Resources */,
				7193A8DB2C922B4500DEE730 /* ScreenTwoVC.xib in Resources */,
				7193A8CE2C865B4100DEE730 /* MyCustomTableViewCell.xib in Resources */,
				7193A8C12C865AB000DEE730 /* Base in Resources */,
				7193A8BC2C865AAE00DEE730 /* Base in Resources */,
				7193A8CA2C865AE100DEE730 /* ScreenOneVC.xib in Resources */,
			);
			runOnlyForDeploymentPostprocessing = 0;
		};
/* End PBXResourcesBuildPhase section */

/* Begin PBXShellScriptBuildPhase section */
		E94AB8DE6F82DA28F7F78277 /* [CP] Check Pods Manifest.lock */ = {
			isa = PBXShellScriptBuildPhase;
			buildActionMask = 2147483647;
			files = (
			);
			inputFileListPaths = (
			);
			inputPaths = (
				"${PODS_PODFILE_DIR_PATH}/Podfile.lock",
				"${PODS_ROOT}/Manifest.lock",
			);
			name = "[CP] Check Pods Manifest.lock";
			outputFileListPaths = (
			);
			outputPaths = (
				"$(DERIVED_FILE_DIR)/Pods-MovieDB-checkManifestLockResult.txt",
			);
			runOnlyForDeploymentPostprocessing = 0;
			shellPath = /bin/sh;
			shellScript = "diff \"${PODS_PODFILE_DIR_PATH}/Podfile.lock\" \"${PODS_ROOT}/Manifest.lock\" > /dev/null\nif [ $? != 0 ] ; then\n    # print error to STDERR\n    echo \"error: The sandbox is not in sync with the Podfile.lock. Run 'pod install' or update your CocoaPods installation.\" >&2\n    exit 1\nfi\n# This output is used by Xcode 'outputs' to avoid re-running this script phase.\necho \"SUCCESS\" > \"${SCRIPT_OUTPUT_FILE_0}\"\n";
			showEnvVarsInLog = 0;
		};
		F62E381B7381DF4A78C7AC4C /* [CP] Embed Pods Frameworks */ = {
			isa = PBXShellScriptBuildPhase;
			buildActionMask = 2147483647;
			files = (
			);
			inputFileListPaths = (
				"${PODS_ROOT}/Target Support Files/Pods-MovieDB/Pods-MovieDB-frameworks-${CONFIGURATION}-input-files.xcfilelist",
			);
			name = "[CP] Embed Pods Frameworks";
			outputFileListPaths = (
				"${PODS_ROOT}/Target Support Files/Pods-MovieDB/Pods-MovieDB-frameworks-${CONFIGURATION}-output-files.xcfilelist",
			);
			runOnlyForDeploymentPostprocessing = 0;
			shellPath = /bin/sh;
			shellScript = "\"${PODS_ROOT}/Target Support Files/Pods-MovieDB/Pods-MovieDB-frameworks.sh\"\n";
			showEnvVarsInLog = 0;
		};
/* End PBXShellScriptBuildPhase section */

/* Begin PBXSourcesBuildPhase section */
		0374BB3D2CB0AF50009B4330 /* Sources */ = {
			isa = PBXSourcesBuildPhase;
			buildActionMask = 2147483647;
			files = (
				0374BB4C2CB0AFC5009B4330 /* MovieViewModelTests.swift in Sources */,
				0374BB4E2CB0B1DF009B4330 /* MoviesRouterMock.swift in Sources */,
				711757A22CB351BA0077371B /* MoviesUseCaseMock.swift in Sources */,
			);
			runOnlyForDeploymentPostprocessing = 0;
		};
		7193A8AD2C865AAE00DEE730 /* Sources */ = {
			isa = PBXSourcesBuildPhase;
			buildActionMask = 2147483647;
			files = (
				7193A90D2CA377DB00DEE730 /* MoviesRouter.swift in Sources */,
				7193A8CF2C865B4100DEE730 /* MyCustomTableViewCell.swift in Sources */,
				7193A8B92C865AAE00DEE730 /* ViewController.swift in Sources */,
				7193A8D52C890A0D00DEE730 /* ApiCaller.swift in Sources */,
				7193A8B52C865AAE00DEE730 /* AppDelegate.swift in Sources */,
				7193A8DA2C922B4500DEE730 /* ScreenTwoVC.swift in Sources */,
				7193A90F2CA3E07200DEE730 /* MoviesUseCase.swift in Sources */,
				7193A8B72C865AAE00DEE730 /* SceneDelegate.swift in Sources */,
				7193A8CB2C865AE100DEE730 /* ScreenOneVC.swift in Sources */,
				7193A8D72C890B5400DEE730 /* MovieService.swift in Sources */,
				7193A8D32C8909E800DEE730 /* Constants.swift in Sources */,
				03E370AC2C9A2F9800A7D4C7 /* MoviesViewModel.swift in Sources */,
			);
			runOnlyForDeploymentPostprocessing = 0;
		};
/* End PBXSourcesBuildPhase section */

/* Begin PBXTargetDependency section */
		0374BB462CB0AF50009B4330 /* PBXTargetDependency */ = {
			isa = PBXTargetDependency;
			target = 7193A8B02C865AAE00DEE730 /* MovieDB */;
			targetProxy = 0374BB452CB0AF50009B4330 /* PBXContainerItemProxy */;
		};
/* End PBXTargetDependency section */

/* Begin PBXVariantGroup section */
		7193A8BA2C865AAE00DEE730 /* Main.storyboard */ = {
			isa = PBXVariantGroup;
			children = (
				7193A8BB2C865AAE00DEE730 /* Base */,
			);
			name = Main.storyboard;
			sourceTree = "<group>";
		};
		7193A8BF2C865AB000DEE730 /* LaunchScreen.storyboard */ = {
			isa = PBXVariantGroup;
			children = (
				7193A8C02C865AB000DEE730 /* Base */,
			);
			name = LaunchScreen.storyboard;
			sourceTree = "<group>";
		};
/* End PBXVariantGroup section */

/* Begin XCBuildConfiguration section */
		0374BB482CB0AF50009B4330 /* Debug */ = {
			isa = XCBuildConfiguration;
			buildSettings = {
				BUNDLE_LOADER = "$(TEST_HOST)";
				CLANG_ENABLE_MODULES = YES;
				CODE_SIGN_STYLE = Automatic;
				CURRENT_PROJECT_VERSION = 1;
				DEVELOPMENT_TEAM = 26MM8268X8;
				ENABLE_USER_SCRIPT_SANDBOXING = YES;
				GENERATE_INFOPLIST_FILE = YES;
				IPHONEOS_DEPLOYMENT_TARGET = 17.0;
				MARKETING_VERSION = 1.0;
				PRODUCT_BUNDLE_IDENTIFIER = com.jhonatanChavez.MovieDBTests;
				PRODUCT_NAME = "$(TARGET_NAME)";
				SWIFT_EMIT_LOC_STRINGS = NO;
				SWIFT_OBJC_BRIDGING_HEADER = "MovieDBTests/MovieDBTests-Bridging-Header.h";
				SWIFT_OPTIMIZATION_LEVEL = "-Onone";
				SWIFT_VERSION = 5.0;
				TARGETED_DEVICE_FAMILY = "1,2";
				TEST_HOST = "$(BUILT_PRODUCTS_DIR)/MovieDB.app/$(BUNDLE_EXECUTABLE_FOLDER_PATH)/MovieDB";
			};
			name = Debug;
		};
		0374BB492CB0AF50009B4330 /* Release */ = {
			isa = XCBuildConfiguration;
			buildSettings = {
				BUNDLE_LOADER = "$(TEST_HOST)";
				CLANG_ENABLE_MODULES = YES;
				CODE_SIGN_STYLE = Automatic;
				CURRENT_PROJECT_VERSION = 1;
				DEVELOPMENT_TEAM = 26MM8268X8;
				ENABLE_USER_SCRIPT_SANDBOXING = YES;
				GENERATE_INFOPLIST_FILE = YES;
				IPHONEOS_DEPLOYMENT_TARGET = 17.0;
				MARKETING_VERSION = 1.0;
				PRODUCT_BUNDLE_IDENTIFIER = com.jhonatanChavez.MovieDBTests;
				PRODUCT_NAME = "$(TARGET_NAME)";
				SWIFT_EMIT_LOC_STRINGS = NO;
				SWIFT_OBJC_BRIDGING_HEADER = "MovieDBTests/MovieDBTests-Bridging-Header.h";
				SWIFT_VERSION = 5.0;
				TARGETED_DEVICE_FAMILY = "1,2";
				TEST_HOST = "$(BUILT_PRODUCTS_DIR)/MovieDB.app/$(BUNDLE_EXECUTABLE_FOLDER_PATH)/MovieDB";
			};
			name = Release;
		};
		7193A8C32C865AB000DEE730 /* Debug */ = {
			isa = XCBuildConfiguration;
			buildSettings = {
				ALWAYS_SEARCH_USER_PATHS = NO;
				ASSETCATALOG_COMPILER_GENERATE_SWIFT_ASSET_SYMBOL_EXTENSIONS = YES;
				CLANG_ANALYZER_NONNULL = YES;
				CLANG_ANALYZER_NUMBER_OBJECT_CONVERSION = YES_AGGRESSIVE;
				CLANG_CXX_LANGUAGE_STANDARD = "gnu++20";
				CLANG_ENABLE_MODULES = YES;
				CLANG_ENABLE_OBJC_ARC = YES;
				CLANG_ENABLE_OBJC_WEAK = YES;
				CLANG_WARN_BLOCK_CAPTURE_AUTORELEASING = YES;
				CLANG_WARN_BOOL_CONVERSION = YES;
				CLANG_WARN_COMMA = YES;
				CLANG_WARN_CONSTANT_CONVERSION = YES;
				CLANG_WARN_DEPRECATED_OBJC_IMPLEMENTATIONS = YES;
				CLANG_WARN_DIRECT_OBJC_ISA_USAGE = YES_ERROR;
				CLANG_WARN_DOCUMENTATION_COMMENTS = YES;
				CLANG_WARN_EMPTY_BODY = YES;
				CLANG_WARN_ENUM_CONVERSION = YES;
				CLANG_WARN_INFINITE_RECURSION = YES;
				CLANG_WARN_INT_CONVERSION = YES;
				CLANG_WARN_NON_LITERAL_NULL_CONVERSION = YES;
				CLANG_WARN_OBJC_IMPLICIT_RETAIN_SELF = YES;
				CLANG_WARN_OBJC_LITERAL_CONVERSION = YES;
				CLANG_WARN_OBJC_ROOT_CLASS = YES_ERROR;
				CLANG_WARN_QUOTED_INCLUDE_IN_FRAMEWORK_HEADER = YES;
				CLANG_WARN_RANGE_LOOP_ANALYSIS = YES;
				CLANG_WARN_STRICT_PROTOTYPES = YES;
				CLANG_WARN_SUSPICIOUS_MOVE = YES;
				CLANG_WARN_UNGUARDED_AVAILABILITY = YES_AGGRESSIVE;
				CLANG_WARN_UNREACHABLE_CODE = YES;
				CLANG_WARN__DUPLICATE_METHOD_MATCH = YES;
				COPY_PHASE_STRIP = NO;
				DEBUG_INFORMATION_FORMAT = dwarf;
				ENABLE_STRICT_OBJC_MSGSEND = YES;
				ENABLE_TESTABILITY = YES;
				ENABLE_USER_SCRIPT_SANDBOXING = NO;
				GCC_C_LANGUAGE_STANDARD = gnu17;
				GCC_DYNAMIC_NO_PIC = NO;
				GCC_NO_COMMON_BLOCKS = YES;
				GCC_OPTIMIZATION_LEVEL = 0;
				GCC_PREPROCESSOR_DEFINITIONS = (
					"DEBUG=1",
					"$(inherited)",
				);
				GCC_WARN_64_TO_32_BIT_CONVERSION = YES;
				GCC_WARN_ABOUT_RETURN_TYPE = YES_ERROR;
				GCC_WARN_UNDECLARED_SELECTOR = YES;
				GCC_WARN_UNINITIALIZED_AUTOS = YES_AGGRESSIVE;
				GCC_WARN_UNUSED_FUNCTION = YES;
				GCC_WARN_UNUSED_VARIABLE = YES;
				IPHONEOS_DEPLOYMENT_TARGET = 17.5;
				LOCALIZATION_PREFERS_STRING_CATALOGS = YES;
				MTL_ENABLE_DEBUG_INFO = INCLUDE_SOURCE;
				MTL_FAST_MATH = YES;
				ONLY_ACTIVE_ARCH = YES;
				SDKROOT = iphoneos;
				SWIFT_ACTIVE_COMPILATION_CONDITIONS = "DEBUG $(inherited)";
				SWIFT_OPTIMIZATION_LEVEL = "-Onone";
			};
			name = Debug;
		};
		7193A8C42C865AB000DEE730 /* Release */ = {
			isa = XCBuildConfiguration;
			buildSettings = {
				ALWAYS_SEARCH_USER_PATHS = NO;
				ASSETCATALOG_COMPILER_GENERATE_SWIFT_ASSET_SYMBOL_EXTENSIONS = YES;
				CLANG_ANALYZER_NONNULL = YES;
				CLANG_ANALYZER_NUMBER_OBJECT_CONVERSION = YES_AGGRESSIVE;
				CLANG_CXX_LANGUAGE_STANDARD = "gnu++20";
				CLANG_ENABLE_MODULES = YES;
				CLANG_ENABLE_OBJC_ARC = YES;
				CLANG_ENABLE_OBJC_WEAK = YES;
				CLANG_WARN_BLOCK_CAPTURE_AUTORELEASING = YES;
				CLANG_WARN_BOOL_CONVERSION = YES;
				CLANG_WARN_COMMA = YES;
				CLANG_WARN_CONSTANT_CONVERSION = YES;
				CLANG_WARN_DEPRECATED_OBJC_IMPLEMENTATIONS = YES;
				CLANG_WARN_DIRECT_OBJC_ISA_USAGE = YES_ERROR;
				CLANG_WARN_DOCUMENTATION_COMMENTS = YES;
				CLANG_WARN_EMPTY_BODY = YES;
				CLANG_WARN_ENUM_CONVERSION = YES;
				CLANG_WARN_INFINITE_RECURSION = YES;
				CLANG_WARN_INT_CONVERSION = YES;
				CLANG_WARN_NON_LITERAL_NULL_CONVERSION = YES;
				CLANG_WARN_OBJC_IMPLICIT_RETAIN_SELF = YES;
				CLANG_WARN_OBJC_LITERAL_CONVERSION = YES;
				CLANG_WARN_OBJC_ROOT_CLASS = YES_ERROR;
				CLANG_WARN_QUOTED_INCLUDE_IN_FRAMEWORK_HEADER = YES;
				CLANG_WARN_RANGE_LOOP_ANALYSIS = YES;
				CLANG_WARN_STRICT_PROTOTYPES = YES;
				CLANG_WARN_SUSPICIOUS_MOVE = YES;
				CLANG_WARN_UNGUARDED_AVAILABILITY = YES_AGGRESSIVE;
				CLANG_WARN_UNREACHABLE_CODE = YES;
				CLANG_WARN__DUPLICATE_METHOD_MATCH = YES;
				COPY_PHASE_STRIP = NO;
				DEBUG_INFORMATION_FORMAT = "dwarf-with-dsym";
				ENABLE_NS_ASSERTIONS = NO;
				ENABLE_STRICT_OBJC_MSGSEND = YES;
				ENABLE_USER_SCRIPT_SANDBOXING = NO;
				GCC_C_LANGUAGE_STANDARD = gnu17;
				GCC_NO_COMMON_BLOCKS = YES;
				GCC_WARN_64_TO_32_BIT_CONVERSION = YES;
				GCC_WARN_ABOUT_RETURN_TYPE = YES_ERROR;
				GCC_WARN_UNDECLARED_SELECTOR = YES;
				GCC_WARN_UNINITIALIZED_AUTOS = YES_AGGRESSIVE;
				GCC_WARN_UNUSED_FUNCTION = YES;
				GCC_WARN_UNUSED_VARIABLE = YES;
				IPHONEOS_DEPLOYMENT_TARGET = 17.5;
				LOCALIZATION_PREFERS_STRING_CATALOGS = YES;
				MTL_ENABLE_DEBUG_INFO = NO;
				MTL_FAST_MATH = YES;
				SDKROOT = iphoneos;
				SWIFT_COMPILATION_MODE = wholemodule;
				VALIDATE_PRODUCT = YES;
			};
			name = Release;
		};
		7193A8C62C865AB000DEE730 /* Debug */ = {
			isa = XCBuildConfiguration;
			baseConfigurationReference = 180B537443B423285FE732F2 /* Pods-MovieDB.debug.xcconfig */;
			buildSettings = {
				ASSETCATALOG_COMPILER_APPICON_NAME = AppIcon;
				ASSETCATALOG_COMPILER_GLOBAL_ACCENT_COLOR_NAME = AccentColor;
				CODE_SIGN_STYLE = Automatic;
				CURRENT_PROJECT_VERSION = 1;
				GENERATE_INFOPLIST_FILE = YES;
				INFOPLIST_FILE = MovieDB/Info.plist;
				INFOPLIST_KEY_UIApplicationSupportsIndirectInputEvents = YES;
				INFOPLIST_KEY_UILaunchStoryboardName = LaunchScreen;
				INFOPLIST_KEY_UIMainStoryboardFile = Main;
				INFOPLIST_KEY_UISupportedInterfaceOrientations_iPad = "UIInterfaceOrientationPortrait UIInterfaceOrientationPortraitUpsideDown UIInterfaceOrientationLandscapeLeft UIInterfaceOrientationLandscapeRight";
				INFOPLIST_KEY_UISupportedInterfaceOrientations_iPhone = "UIInterfaceOrientationPortrait UIInterfaceOrientationLandscapeLeft UIInterfaceOrientationLandscapeRight";
				IPHONEOS_DEPLOYMENT_TARGET = 16.0;
				LD_RUNPATH_SEARCH_PATHS = (
					"$(inherited)",
					"@executable_path/Frameworks",
				);
				MARKETING_VERSION = 1.0;
				PRODUCT_BUNDLE_IDENTIFIER = "com.jesus-jf.MovieDB";
				PRODUCT_NAME = "$(TARGET_NAME)";
				SWIFT_EMIT_LOC_STRINGS = YES;
				SWIFT_VERSION = 5.0;
				TARGETED_DEVICE_FAMILY = "1,2";
			};
			name = Debug;
		};
		7193A8C72C865AB000DEE730 /* Release */ = {
			isa = XCBuildConfiguration;
			baseConfigurationReference = DFB3F2ADF52276653EFED214 /* Pods-MovieDB.release.xcconfig */;
			buildSettings = {
				ASSETCATALOG_COMPILER_APPICON_NAME = AppIcon;
				ASSETCATALOG_COMPILER_GLOBAL_ACCENT_COLOR_NAME = AccentColor;
				CODE_SIGN_STYLE = Automatic;
				CURRENT_PROJECT_VERSION = 1;
				GENERATE_INFOPLIST_FILE = YES;
				INFOPLIST_FILE = MovieDB/Info.plist;
				INFOPLIST_KEY_UIApplicationSupportsIndirectInputEvents = YES;
				INFOPLIST_KEY_UILaunchStoryboardName = LaunchScreen;
				INFOPLIST_KEY_UIMainStoryboardFile = Main;
				INFOPLIST_KEY_UISupportedInterfaceOrientations_iPad = "UIInterfaceOrientationPortrait UIInterfaceOrientationPortraitUpsideDown UIInterfaceOrientationLandscapeLeft UIInterfaceOrientationLandscapeRight";
				INFOPLIST_KEY_UISupportedInterfaceOrientations_iPhone = "UIInterfaceOrientationPortrait UIInterfaceOrientationLandscapeLeft UIInterfaceOrientationLandscapeRight";
				IPHONEOS_DEPLOYMENT_TARGET = 16.0;
				LD_RUNPATH_SEARCH_PATHS = (
					"$(inherited)",
					"@executable_path/Frameworks",
				);
				MARKETING_VERSION = 1.0;
				PRODUCT_BUNDLE_IDENTIFIER = "com.jesus-jf.MovieDB";
				PRODUCT_NAME = "$(TARGET_NAME)";
				SWIFT_EMIT_LOC_STRINGS = YES;
				SWIFT_VERSION = 5.0;
				TARGETED_DEVICE_FAMILY = "1,2";
			};
			name = Release;
		};
/* End XCBuildConfiguration section */

/* Begin XCConfigurationList section */
		0374BB472CB0AF50009B4330 /* Build configuration list for PBXNativeTarget "MovieDBTests" */ = {
			isa = XCConfigurationList;
			buildConfigurations = (
				0374BB482CB0AF50009B4330 /* Debug */,
				0374BB492CB0AF50009B4330 /* Release */,
			);
			defaultConfigurationIsVisible = 0;
			defaultConfigurationName = Release;
		};
		7193A8AC2C865AAE00DEE730 /* Build configuration list for PBXProject "MovieDB" */ = {
			isa = XCConfigurationList;
			buildConfigurations = (
				7193A8C32C865AB000DEE730 /* Debug */,
				7193A8C42C865AB000DEE730 /* Release */,
			);
			defaultConfigurationIsVisible = 0;
			defaultConfigurationName = Release;
		};
		7193A8C52C865AB000DEE730 /* Build configuration list for PBXNativeTarget "MovieDB" */ = {
			isa = XCConfigurationList;
			buildConfigurations = (
				7193A8C62C865AB000DEE730 /* Debug */,
				7193A8C72C865AB000DEE730 /* Release */,
			);
			defaultConfigurationIsVisible = 0;
			defaultConfigurationName = Release;
		};
/* End XCConfigurationList section */
	};
	rootObject = 7193A8A92C865AAE00DEE730 /* Project object */;
}
